
Microsoft Visual Studio Solution File, Format Version 12.00
# Visual Studio Version 17
VisualStudioVersion = 17.14.36518.9 d17.14
MinimumVisualStudioVersion = 10.0.40219.1
Project("{FAE04EC0-301F-11D3-BF4B-00C04F79EFBC}") = "Backend-map", "Backend-map\Backend-map.csproj", "{1767DEE5-98B9-4881-85BA-C6791DC19EA8}"
EndProject
Global
	GlobalSection(SolutionConfigurationPlatforms) = preSolution
		Debug|Any CPU = Debug|Any CPU
		Release|Any CPU = Release|Any CPU
	EndGlobalSection
	GlobalSection(ProjectConfigurationPlatforms) = postSolution
		{1767DEE5-98B9-4881-85BA-C6791DC19EA8}.Debug|Any CPU.ActiveCfg = Debug|Any CPU
		{1767DEE5-98B9-4881-85BA-C6791DC19EA8}.Debug|Any CPU.Build.0 = Debug|Any CPU
		{1767DEE5-98B9-4881-85BA-C6791DC19EA8}.Release|Any CPU.ActiveCfg = Release|Any CPU
		{1767DEE5-98B9-4881-85BA-C6791DC19EA8}.Release|Any CPU.Build.0 = Release|Any CPU
	EndGlobalSection
	GlobalSection(SolutionProperties) = preSolution
		HideSolutionNode = FALSE
	EndGlobalSection
	GlobalSection(ExtensibilityGlobals) = postSolution
		SolutionGuid = {DA21091E-46B8-4314-8D37-ED17F974B75A}
	EndGlobalSection
EndGlobal
